
Microsoft Visual Studio Solution File, Format Version 12.00
# Visual Studio 2012
Project("{FAE04EC0-301F-11D3-BF4B-00C04F79EFBC}") = "NLog.SignalR", "NLog.SignalR\NLog.SignalR.csproj", "{1414FDCE-96BA-4706-BCEF-EEEC410DF025}"
EndProject
Project("{2150E333-8FDC-42A3-9474-1A3956D46DE8}") = ".nuget", ".nuget", "{17AF47BD-2811-4734-959C-8A648C81CFE6}"
	ProjectSection(SolutionItems) = preProject
		.nuget\NuGet.exe = .nuget\NuGet.exe
		.nuget\NuGet.targets = .nuget\NuGet.targets
	EndProjectSection
EndProject
Project("{FAE04EC0-301F-11D3-BF4B-00C04F79EFBC}") = "NLog.SignalR.IntegrationTests", "NLog.SignalR.IntegrationTests\NLog.SignalR.IntegrationTests.csproj", "{0A166486-8CE1-4748-BEA2-A4BA3CDABFF6}"
EndProject
Project("{FAE04EC0-301F-11D3-BF4B-00C04F79EFBC}") = "NLog.SignalR.Sample.Web", "NLog.SignalR.Sample.Web\NLog.SignalR.Sample.Web.csproj", "{F69C8EBC-2EB0-442C-8C1A-296CB07B82E8}"
EndProject
Project("{FAE04EC0-301F-11D3-BF4B-00C04F79EFBC}") = "NLog.SignalR.Sample.Command", "NLog.SignalR.Sample.Command\NLog.SignalR.Sample.Command.csproj", "{A3DE386F-99E7-48DD-8454-A1D5A67FC2D9}"
EndProject
Project("{2150E333-8FDC-42A3-9474-1A3956D46DE8}") = "Sample", "Sample", "{034E3F7B-03AF-46F4-B25B-3E0CCB46EA59}"
EndProject
Global
	GlobalSection(SolutionConfigurationPlatforms) = preSolution
		Debug|Any CPU = Debug|Any CPU
		Release|Any CPU = Release|Any CPU
	EndGlobalSection
	GlobalSection(ProjectConfigurationPlatforms) = postSolution
		{1414FDCE-96BA-4706-BCEF-EEEC410DF025}.Debug|Any CPU.ActiveCfg = Debug|Any CPU
		{1414FDCE-96BA-4706-BCEF-EEEC410DF025}.Debug|Any CPU.Build.0 = Debug|Any CPU
		{1414FDCE-96BA-4706-BCEF-EEEC410DF025}.Release|Any CPU.ActiveCfg = Release|Any CPU
		{1414FDCE-96BA-4706-BCEF-EEEC410DF025}.Release|Any CPU.Build.0 = Release|Any CPU
		{0A166486-8CE1-4748-BEA2-A4BA3CDABFF6}.Debug|Any CPU.ActiveCfg = Debug|Any CPU
		{0A166486-8CE1-4748-BEA2-A4BA3CDABFF6}.Debug|Any CPU.Build.0 = Debug|Any CPU
		{0A166486-8CE1-4748-BEA2-A4BA3CDABFF6}.Release|Any CPU.ActiveCfg = Release|Any CPU
		{0A166486-8CE1-4748-BEA2-A4BA3CDABFF6}.Release|Any CPU.Build.0 = Release|Any CPU
		{F69C8EBC-2EB0-442C-8C1A-296CB07B82E8}.Debug|Any CPU.ActiveCfg = Debug|Any CPU
		{F69C8EBC-2EB0-442C-8C1A-296CB07B82E8}.Debug|Any CPU.Build.0 = Debug|Any CPU
		{F69C8EBC-2EB0-442C-8C1A-296CB07B82E8}.Release|Any CPU.ActiveCfg = Release|Any CPU
		{F69C8EBC-2EB0-442C-8C1A-296CB07B82E8}.Release|Any CPU.Build.0 = Release|Any CPU
		{A3DE386F-99E7-48DD-8454-A1D5A67FC2D9}.Debug|Any CPU.ActiveCfg = Debug|Any CPU
		{A3DE386F-99E7-48DD-8454-A1D5A67FC2D9}.Debug|Any CPU.Build.0 = Debug|Any CPU
		{A3DE386F-99E7-48DD-8454-A1D5A67FC2D9}.Release|Any CPU.ActiveCfg = Release|Any CPU
		{A3DE386F-99E7-48DD-8454-A1D5A67FC2D9}.Release|Any CPU.Build.0 = Release|Any CPU
	EndGlobalSection
	GlobalSection(SolutionProperties) = preSolution
		HideSolutionNode = FALSE
	EndGlobalSection
	GlobalSection(NestedProjects) = preSolution
		{A3DE386F-99E7-48DD-8454-A1D5A67FC2D9} = {034E3F7B-03AF-46F4-B25B-3E0CCB46EA59}
		{F69C8EBC-2EB0-442C-8C1A-296CB07B82E8} = {034E3F7B-03AF-46F4-B25B-3E0CCB46EA59}
	EndGlobalSection
EndGlobal
